
Microsoft Visual Studio Solution File, Format Version 12.00
# Visual Studio Version 17
VisualStudioVersion = 17.12.35527.113
MinimumVisualStudioVersion = 10.0.40219.1
Project("{2150E333-8FDC-42A3-9474-1A3956D46DE8}") = "0-Shared", "0-Shared", "{4D08D70F-0C19-4DC6-91CE-992AEC263C01}"
EndProject
Project("{2150E333-8FDC-42A3-9474-1A3956D46DE8}") = "1-Domain", "1-Domain", "{E3363DB2-CF18-41DB-A83D-3F56EDC29AC8}"
EndProject
Project("{2150E333-8FDC-42A3-9474-1A3956D46DE8}") = "2-Application", "2-Application", "{54AFA766-5734-4065-B2A1-333ECEA1AD0B}"
EndProject
Project("{2150E333-8FDC-42A3-9474-1A3956D46DE8}") = "3-Infrastructure", "3-Infrastructure", "{B4505A15-F890-424C-81BE-5014903F04F1}"
EndProject
Project("{2150E333-8FDC-42A3-9474-1A3956D46DE8}") = "4-Host", "4-Host", "{539B7FCD-55B8-4B06-90B1-7DD5550E92E8}"
EndProject
Project("{2150E333-8FDC-42A3-9474-1A3956D46DE8}") = "5-Tests", "5-Tests", "{6B22BE89-8DA1-4A92-B2E2-3AB7199FE52D}"
EndProject
Project("{9A19103F-16F7-4668-BE54-9A1E7A4F7556}") = "Sample.Commons", "0-Shared\Sample.Commons\Sample.Commons.csproj", "{ACEDD995-9799-475D-9B30-28CA6B6CBB89}"
EndProject
Project("{9A19103F-16F7-4668-BE54-9A1E7A4F7556}") = "Sample.Domain", "1-Domain\Sample.Domain\Sample.Domain.csproj", "{CE62AA1B-C4C1-4DF5-B989-85DB1B6EF736}"
EndProject
Project("{9A19103F-16F7-4668-BE54-9A1E7A4F7556}") = "Sample.Application", "2-Application\Sample.Application\Sample.Application.csproj", "{B524A7B5-BD23-4CD7-BE06-9974FCE49BD1}"
EndProject
Project("{9A19103F-16F7-4668-BE54-9A1E7A4F7556}") = "Sample.Application.Contracts", "2-Application\Sample.Application.Contracts\Sample.Application.Contracts.csproj", "{5768A79F-254E-4787-A35A-95937334D600}"
EndProject
Project("{9A19103F-16F7-4668-BE54-9A1E7A4F7556}") = "Sample.Data", "3-Infrastructure\Sample.Data\Sample.Data.csproj", "{CEF3E9F5-3F72-41A7-8803-17941DE78F18}"
EndProject
Project("{FAE04EC0-301F-11D3-BF4B-00C04F79EFBC}") = "Sample.Configuration", "3-Infrastructure\Sample.Configuration\Sample.Configuration.csproj", "{8A422E3F-8D6F-4657-9109-FFC80177A72A}"
EndProject
Project("{FAE04EC0-301F-11D3-BF4B-00C04F79EFBC}") = "Sample.API", "4-Host\Sample.API\Sample.API.csproj", "{1EE1917F-05E3-48B1-80FF-755F16699CF5}"
EndProject
Project("{9A19103F-16F7-4668-BE54-9A1E7A4F7556}") = "Sample.Host", "4-Host\Sample.Host\Sample.Host.csproj", "{67E67591-BEB5-4B73-852F-4CE024556EBF}"
EndProject
Project("{9A19103F-16F7-4668-BE54-9A1E7A4F7556}") = "Sample.Domain.Tests", "5-Tests\Sample.Domain.Tests\Sample.Domain.Tests.csproj", "{ADA72EDF-D786-4C38-A226-1270491D7E27}"
EndProject
Project("{FAE04EC0-301F-11D3-BF4B-00C04F79EFBC}") = "Sample.Domain.Builder", "5-Tests\Sample.Domain.Builder\Sample.Domain.Builder.csproj", "{667CB675-B693-497C-A60E-6486ADE982D1}"
EndProject
Global
	GlobalSection(SolutionConfigurationPlatforms) = preSolution
		Debug|Any CPU = Debug|Any CPU
		Release|Any CPU = Release|Any CPU
	EndGlobalSection
	GlobalSection(ProjectConfigurationPlatforms) = postSolution
		{CE62AA1B-C4C1-4DF5-B989-85DB1B6EF736}.Debug|Any CPU.ActiveCfg = Debug|Any CPU
		{CE62AA1B-C4C1-4DF5-B989-85DB1B6EF736}.Debug|Any CPU.Build.0 = Debug|Any CPU
		{CE62AA1B-C4C1-4DF5-B989-85DB1B6EF736}.Release|Any CPU.ActiveCfg = Release|Any CPU
		{CE62AA1B-C4C1-4DF5-B989-85DB1B6EF736}.Release|Any CPU.Build.0 = Release|Any CPU
		{67E67591-BEB5-4B73-852F-4CE024556EBF}.Debug|Any CPU.ActiveCfg = Debug|Any CPU
		{67E67591-BEB5-4B73-852F-4CE024556EBF}.Debug|Any CPU.Build.0 = Debug|Any CPU
		{67E67591-BEB5-4B73-852F-4CE024556EBF}.Release|Any CPU.ActiveCfg = Release|Any CPU
		{67E67591-BEB5-4B73-852F-4CE024556EBF}.Release|Any CPU.Build.0 = Release|Any CPU
		{B524A7B5-BD23-4CD7-BE06-9974FCE49BD1}.Debug|Any CPU.ActiveCfg = Debug|Any CPU
		{B524A7B5-BD23-4CD7-BE06-9974FCE49BD1}.Debug|Any CPU.Build.0 = Debug|Any CPU
		{B524A7B5-BD23-4CD7-BE06-9974FCE49BD1}.Release|Any CPU.ActiveCfg = Release|Any CPU
		{B524A7B5-BD23-4CD7-BE06-9974FCE49BD1}.Release|Any CPU.Build.0 = Release|Any CPU
		{5768A79F-254E-4787-A35A-95937334D600}.Debug|Any CPU.ActiveCfg = Debug|Any CPU
		{5768A79F-254E-4787-A35A-95937334D600}.Debug|Any CPU.Build.0 = Debug|Any CPU
		{5768A79F-254E-4787-A35A-95937334D600}.Release|Any CPU.ActiveCfg = Release|Any CPU
		{5768A79F-254E-4787-A35A-95937334D600}.Release|Any CPU.Build.0 = Release|Any CPU
		{CEF3E9F5-3F72-41A7-8803-17941DE78F18}.Debug|Any CPU.ActiveCfg = Debug|Any CPU
		{CEF3E9F5-3F72-41A7-8803-17941DE78F18}.Debug|Any CPU.Build.0 = Debug|Any CPU
		{CEF3E9F5-3F72-41A7-8803-17941DE78F18}.Release|Any CPU.ActiveCfg = Release|Any CPU
		{CEF3E9F5-3F72-41A7-8803-17941DE78F18}.Release|Any CPU.Build.0 = Release|Any CPU
		{ADA72EDF-D786-4C38-A226-1270491D7E27}.Debug|Any CPU.ActiveCfg = Debug|Any CPU
		{ADA72EDF-D786-4C38-A226-1270491D7E27}.Debug|Any CPU.Build.0 = Debug|Any CPU
		{ADA72EDF-D786-4C38-A226-1270491D7E27}.Release|Any CPU.ActiveCfg = Release|Any CPU
		{ADA72EDF-D786-4C38-A226-1270491D7E27}.Release|Any CPU.Build.0 = Release|Any CPU
		{ACEDD995-9799-475D-9B30-28CA6B6CBB89}.Debug|Any CPU.ActiveCfg = Debug|Any CPU
		{ACEDD995-9799-475D-9B30-28CA6B6CBB89}.Debug|Any CPU.Build.0 = Debug|Any CPU
		{ACEDD995-9799-475D-9B30-28CA6B6CBB89}.Release|Any CPU.ActiveCfg = Release|Any CPU
		{ACEDD995-9799-475D-9B30-28CA6B6CBB89}.Release|Any CPU.Build.0 = Release|Any CPU
		{667CB675-B693-497C-A60E-6486ADE982D1}.Debug|Any CPU.ActiveCfg = Debug|Any CPU
		{667CB675-B693-497C-A60E-6486ADE982D1}.Debug|Any CPU.Build.0 = Debug|Any CPU
		{667CB675-B693-497C-A60E-6486ADE982D1}.Release|Any CPU.ActiveCfg = Release|Any CPU
		{667CB675-B693-497C-A60E-6486ADE982D1}.Release|Any CPU.Build.0 = Release|Any CPU
		{8A422E3F-8D6F-4657-9109-FFC80177A72A}.Debug|Any CPU.ActiveCfg = Debug|Any CPU
		{8A422E3F-8D6F-4657-9109-FFC80177A72A}.Debug|Any CPU.Build.0 = Debug|Any CPU
		{8A422E3F-8D6F-4657-9109-FFC80177A72A}.Release|Any CPU.ActiveCfg = Release|Any CPU
		{8A422E3F-8D6F-4657-9109-FFC80177A72A}.Release|Any CPU.Build.0 = Release|Any CPU
		{1EE1917F-05E3-48B1-80FF-755F16699CF5}.Debug|Any CPU.ActiveCfg = Debug|Any CPU
		{1EE1917F-05E3-48B1-80FF-755F16699CF5}.Debug|Any CPU.Build.0 = Debug|Any CPU
		{1EE1917F-05E3-48B1-80FF-755F16699CF5}.Release|Any CPU.ActiveCfg = Release|Any CPU
		{1EE1917F-05E3-48B1-80FF-755F16699CF5}.Release|Any CPU.Build.0 = Release|Any CPU
	EndGlobalSection
	GlobalSection(SolutionProperties) = preSolution
		HideSolutionNode = FALSE
	EndGlobalSection
	GlobalSection(NestedProjects) = preSolution
		{CE62AA1B-C4C1-4DF5-B989-85DB1B6EF736} = {E3363DB2-CF18-41DB-A83D-3F56EDC29AC8}
		{67E67591-BEB5-4B73-852F-4CE024556EBF} = {539B7FCD-55B8-4B06-90B1-7DD5550E92E8}
		{B524A7B5-BD23-4CD7-BE06-9974FCE49BD1} = {54AFA766-5734-4065-B2A1-333ECEA1AD0B}
		{5768A79F-254E-4787-A35A-95937334D600} = {54AFA766-5734-4065-B2A1-333ECEA1AD0B}
		{CEF3E9F5-3F72-41A7-8803-17941DE78F18} = {B4505A15-F890-424C-81BE-5014903F04F1}
		{ADA72EDF-D786-4C38-A226-1270491D7E27} = {6B22BE89-8DA1-4A92-B2E2-3AB7199FE52D}
		{ACEDD995-9799-475D-9B30-28CA6B6CBB89} = {4D08D70F-0C19-4DC6-91CE-992AEC263C01}
		{667CB675-B693-497C-A60E-6486ADE982D1} = {6B22BE89-8DA1-4A92-B2E2-3AB7199FE52D}
		{8A422E3F-8D6F-4657-9109-FFC80177A72A} = {B4505A15-F890-424C-81BE-5014903F04F1}
		{1EE1917F-05E3-48B1-80FF-755F16699CF5} = {539B7FCD-55B8-4B06-90B1-7DD5550E92E8}
	EndGlobalSection
	GlobalSection(ExtensibilityGlobals) = postSolution
		SolutionGuid = {2BC23CB2-782D-4EE7-B67E-D81C9345C7D6}
	EndGlobalSection
EndGlobal
